// !$*UTF8*$!
{
	archiveVersion = 1;
	classes = {
	};
	objectVersion = 56;
	objects = {

/* Begin PBXBuildFile section */
		0358C6312A5592BC0089B267 /* CampeonatoTableViewCell.swift in Sources */ = {isa = PBXBuildFile; fileRef = 0358C6302A5592BC0089B267 /* CampeonatoTableViewCell.swift */; };
		0358C6332A56DED70089B267 /* Sumula.swift in Sources */ = {isa = PBXBuildFile; fileRef = 0358C6322A56DED70089B267 /* Sumula.swift */; };
		0358C6352A56EE230089B267 /* TimeJogando.swift in Sources */ = {isa = PBXBuildFile; fileRef = 0358C6342A56EE230089B267 /* TimeJogando.swift */; };
		0358C6372A56EE450089B267 /* Pontos.swift in Sources */ = {isa = PBXBuildFile; fileRef = 0358C6362A56EE450089B267 /* Pontos.swift */; };
		9562FD922A530378005945A9 /* SumulaViewController.swift in Sources */ = {isa = PBXBuildFile; fileRef = 9562FD912A530378005945A9 /* SumulaViewController.swift */; };
		9562FD992A5306FF005945A9 /* Jogador.swift in Sources */ = {isa = PBXBuildFile; fileRef = 9562FD982A5306FF005945A9 /* Jogador.swift */; };
		9562FD9B2A53074D005945A9 /* Time.swift in Sources */ = {isa = PBXBuildFile; fileRef = 9562FD9A2A53074D005945A9 /* Time.swift */; };
		9562FD9D2A5307A1005945A9 /* Campenato.swift in Sources */ = {isa = PBXBuildFile; fileRef = 9562FD9C2A5307A1005945A9 /* Campenato.swift */; };
		9562FDA32A530879005945A9 /* TimeAeB.swift in Sources */ = {isa = PBXBuildFile; fileRef = 9562FDA22A530879005945A9 /* TimeAeB.swift */; };
		9562FDA72A531156005945A9 /* SumulaTimeTableView.swift in Sources */ = {isa = PBXBuildFile; fileRef = 9562FDA62A531156005945A9 /* SumulaTimeTableView.swift */; };
		9562FDA92A5312DE005945A9 /* SumulaTimeTableViewCell.swift in Sources */ = {isa = PBXBuildFile; fileRef = 9562FDA82A5312DE005945A9 /* SumulaTimeTableViewCell.swift */; };
		9562FDF62A559701005945A9 /* SumulaPontosView.swift in Sources */ = {isa = PBXBuildFile; fileRef = 9562FDF52A559701005945A9 /* SumulaPontosView.swift */; };
		958511472A57101E004B4787 /* Faltas.swift in Sources */ = {isa = PBXBuildFile; fileRef = 958511462A57101E004B4787 /* Faltas.swift */; };
		95BE05D62A56F6AB00216B04 /* ViewController.swift in Sources */ = {isa = PBXBuildFile; fileRef = 95BE05D52A56F6AB00216B04 /* ViewController.swift */; };
		F8FC3E472A4CC7F20033E3E0 /* AppDelegate.swift in Sources */ = {isa = PBXBuildFile; fileRef = F8FC3E462A4CC7F20033E3E0 /* AppDelegate.swift */; };
		F8FC3E492A4CC7F20033E3E0 /* SceneDelegate.swift in Sources */ = {isa = PBXBuildFile; fileRef = F8FC3E482A4CC7F20033E3E0 /* SceneDelegate.swift */; };
		F8FC3E4B2A4CC7F20033E3E0 /* MainTabbarViewController.swift in Sources */ = {isa = PBXBuildFile; fileRef = F8FC3E4A2A4CC7F20033E3E0 /* MainTabbarViewController.swift */; };
		F8FC3E502A4CC7F30033E3E0 /* Assets.xcassets in Resources */ = {isa = PBXBuildFile; fileRef = F8FC3E4F2A4CC7F30033E3E0 /* Assets.xcassets */; };
		F8FC3E532A4CC7F30033E3E0 /* LaunchScreen.storyboard in Resources */ = {isa = PBXBuildFile; fileRef = F8FC3E512A4CC7F30033E3E0 /* LaunchScreen.storyboard */; };
		F8FC3E5F2A4CCAFB0033E3E0 /* ExplorarViewController.swift in Sources */ = {isa = PBXBuildFile; fileRef = F8FC3E5E2A4CCAFB0033E3E0 /* ExplorarViewController.swift */; };
		F8FC3E612A4CCB440033E3E0 /* MeusCampeonatosViewController.swift in Sources */ = {isa = PBXBuildFile; fileRef = F8FC3E602A4CCB440033E3E0 /* MeusCampeonatosViewController.swift */; };
		F8FC3E632A4CCB740033E3E0 /* PerfilViewController.swift in Sources */ = {isa = PBXBuildFile; fileRef = F8FC3E622A4CCB740033E3E0 /* PerfilViewController.swift */; };
		F8FC3E662A4CCE4B0033E3E0 /* CustomColor.swift in Sources */ = {isa = PBXBuildFile; fileRef = F8FC3E652A4CCE4B0033E3E0 /* CustomColor.swift */; };
/* End PBXBuildFile section */

/* Begin PBXFileReference section */
		0358C6302A5592BC0089B267 /* CampeonatoTableViewCell.swift */ = {isa = PBXFileReference; lastKnownFileType = sourcecode.swift; path = CampeonatoTableViewCell.swift; sourceTree = "<group>"; };
		0358C6322A56DED70089B267 /* Sumula.swift */ = {isa = PBXFileReference; lastKnownFileType = sourcecode.swift; path = Sumula.swift; sourceTree = "<group>"; };
		0358C6342A56EE230089B267 /* TimeJogando.swift */ = {isa = PBXFileReference; lastKnownFileType = sourcecode.swift; path = TimeJogando.swift; sourceTree = "<group>"; };
		0358C6362A56EE450089B267 /* Pontos.swift */ = {isa = PBXFileReference; lastKnownFileType = sourcecode.swift; path = Pontos.swift; sourceTree = "<group>"; };
		9562FD912A530378005945A9 /* SumulaViewController.swift */ = {isa = PBXFileReference; lastKnownFileType = sourcecode.swift; path = SumulaViewController.swift; sourceTree = "<group>"; };
		9562FD982A5306FF005945A9 /* Jogador.swift */ = {isa = PBXFileReference; lastKnownFileType = sourcecode.swift; path = Jogador.swift; sourceTree = "<group>"; };
		9562FD9A2A53074D005945A9 /* Time.swift */ = {isa = PBXFileReference; lastKnownFileType = sourcecode.swift; path = Time.swift; sourceTree = "<group>"; };
		9562FD9C2A5307A1005945A9 /* Campenato.swift */ = {isa = PBXFileReference; lastKnownFileType = sourcecode.swift; path = Campenato.swift; sourceTree = "<group>"; };
		9562FDA22A530879005945A9 /* TimeAeB.swift */ = {isa = PBXFileReference; lastKnownFileType = sourcecode.swift; path = TimeAeB.swift; sourceTree = "<group>"; };
		9562FDA62A531156005945A9 /* SumulaTimeTableView.swift */ = {isa = PBXFileReference; lastKnownFileType = sourcecode.swift; path = SumulaTimeTableView.swift; sourceTree = "<group>"; };
		9562FDA82A5312DE005945A9 /* SumulaTimeTableViewCell.swift */ = {isa = PBXFileReference; lastKnownFileType = sourcecode.swift; path = SumulaTimeTableViewCell.swift; sourceTree = "<group>"; };
		9562FDF52A559701005945A9 /* SumulaPontosView.swift */ = {isa = PBXFileReference; lastKnownFileType = sourcecode.swift; path = SumulaPontosView.swift; sourceTree = "<group>"; };
		958511462A57101E004B4787 /* Faltas.swift */ = {isa = PBXFileReference; lastKnownFileType = sourcecode.swift; path = Faltas.swift; sourceTree = "<group>"; };
		95BE05D52A56F6AB00216B04 /* ViewController.swift */ = {isa = PBXFileReference; lastKnownFileType = sourcecode.swift; path = ViewController.swift; sourceTree = "<group>"; };
		F8FC3E432A4CC7F20033E3E0 /* OceansFive.app */ = {isa = PBXFileReference; explicitFileType = wrapper.application; includeInIndex = 0; path = OceansFive.app; sourceTree = BUILT_PRODUCTS_DIR; };
		F8FC3E462A4CC7F20033E3E0 /* AppDelegate.swift */ = {isa = PBXFileReference; lastKnownFileType = sourcecode.swift; path = AppDelegate.swift; sourceTree = "<group>"; };
		F8FC3E482A4CC7F20033E3E0 /* SceneDelegate.swift */ = {isa = PBXFileReference; lastKnownFileType = sourcecode.swift; path = SceneDelegate.swift; sourceTree = "<group>"; };
		F8FC3E4A2A4CC7F20033E3E0 /* MainTabbarViewController.swift */ = {isa = PBXFileReference; lastKnownFileType = sourcecode.swift; path = MainTabbarViewController.swift; sourceTree = "<group>"; };
		F8FC3E4F2A4CC7F30033E3E0 /* Assets.xcassets */ = {isa = PBXFileReference; lastKnownFileType = folder.assetcatalog; path = Assets.xcassets; sourceTree = "<group>"; };
		F8FC3E522A4CC7F30033E3E0 /* Base */ = {isa = PBXFileReference; lastKnownFileType = file.storyboard; name = Base; path = Base.lproj/LaunchScreen.storyboard; sourceTree = "<group>"; };
		F8FC3E542A4CC7F30033E3E0 /* Info.plist */ = {isa = PBXFileReference; lastKnownFileType = text.plist.xml; path = Info.plist; sourceTree = "<group>"; };
		F8FC3E5E2A4CCAFB0033E3E0 /* ExplorarViewController.swift */ = {isa = PBXFileReference; lastKnownFileType = sourcecode.swift; path = ExplorarViewController.swift; sourceTree = "<group>"; };
		F8FC3E602A4CCB440033E3E0 /* MeusCampeonatosViewController.swift */ = {isa = PBXFileReference; lastKnownFileType = sourcecode.swift; path = MeusCampeonatosViewController.swift; sourceTree = "<group>"; };
		F8FC3E622A4CCB740033E3E0 /* PerfilViewController.swift */ = {isa = PBXFileReference; lastKnownFileType = sourcecode.swift; path = PerfilViewController.swift; sourceTree = "<group>"; };
		F8FC3E652A4CCE4B0033E3E0 /* CustomColor.swift */ = {isa = PBXFileReference; lastKnownFileType = sourcecode.swift; path = CustomColor.swift; sourceTree = "<group>"; };
/* End PBXFileReference section */

/* Begin PBXFrameworksBuildPhase section */
		F8FC3E402A4CC7F20033E3E0 /* Frameworks */ = {
			isa = PBXFrameworksBuildPhase;
			buildActionMask = 2147483647;
			files = (
			);
			runOnlyForDeploymentPostprocessing = 0;
		};
/* End PBXFrameworksBuildPhase section */

/* Begin PBXGroup section */
		0358C62F2A55924B0089B267 /* Cards */ = {
			isa = PBXGroup;
			children = (
				0358C6302A5592BC0089B267 /* CampeonatoTableViewCell.swift */,
			);
			path = Cards;
			sourceTree = "<group>";
		};
		9562FD882A52F587005945A9 /* View */ = {
			isa = PBXGroup;
			children = (
				0358C62F2A55924B0089B267 /* Cards */,
				9562FD892A52F593005945A9 /* Sumula */,
			);
			path = View;
			sourceTree = "<group>";
		};
		9562FD892A52F593005945A9 /* Sumula */ = {
			isa = PBXGroup;
			children = (
				9562FDF12A55953B005945A9 /* Pontos */,
				9562FDF02A559519005945A9 /* Time */,
			);
			path = Sumula;
			sourceTree = "<group>";
		};
		9562FD902A53035D005945A9 /* Sumula */ = {
			isa = PBXGroup;
			children = (
				9562FD912A530378005945A9 /* SumulaViewController.swift */,
				95BE05D52A56F6AB00216B04 /* ViewController.swift */,
			);
			path = Sumula;
			sourceTree = "<group>";
		};
		9562FD932A5305F0005945A9 /* Model */ = {
			isa = PBXGroup;
			children = (
				9562FDA12A530866005945A9 /* Mocks */,
				0358C6322A56DED70089B267 /* Sumula.swift */,
				9562FD982A5306FF005945A9 /* Jogador.swift */,
				9562FD9A2A53074D005945A9 /* Time.swift */,
				9562FD9C2A5307A1005945A9 /* Campenato.swift */,
				0358C6342A56EE230089B267 /* TimeJogando.swift */,
				0358C6362A56EE450089B267 /* Pontos.swift */,
				958511462A57101E004B4787 /* Faltas.swift */,
			);
			path = Model;
			sourceTree = "<group>";
		};
		9562FDA12A530866005945A9 /* Mocks */ = {
			isa = PBXGroup;
			children = (
				9562FDA22A530879005945A9 /* TimeAeB.swift */,
			);
			path = Mocks;
			sourceTree = "<group>";
		};
		9562FDF02A559519005945A9 /* Time */ = {
			isa = PBXGroup;
			children = (
				9562FDA62A531156005945A9 /* SumulaTimeTableView.swift */,
				9562FDA82A5312DE005945A9 /* SumulaTimeTableViewCell.swift */,
			);
			path = Time;
			sourceTree = "<group>";
		};
		9562FDF12A55953B005945A9 /* Pontos */ = {
			isa = PBXGroup;
			children = (
				9562FDF52A559701005945A9 /* SumulaPontosView.swift */,
			);
			path = Pontos;
			sourceTree = "<group>";
		};
		F8FC3E3A2A4CC7F20033E3E0 = {
			isa = PBXGroup;
			children = (
				F8FC3E452A4CC7F20033E3E0 /* OceansFive */,
				F8FC3E442A4CC7F20033E3E0 /* Products */,
			);
			sourceTree = "<group>";
		};
		F8FC3E442A4CC7F20033E3E0 /* Products */ = {
			isa = PBXGroup;
			children = (
				F8FC3E432A4CC7F20033E3E0 /* OceansFive.app */,
			);
			name = Products;
			sourceTree = "<group>";
		};
		F8FC3E452A4CC7F20033E3E0 /* OceansFive */ = {
			isa = PBXGroup;
			children = (
				9562FD932A5305F0005945A9 /* Model */,
				9562FD882A52F587005945A9 /* View */,
				F8FC3E642A4CCE020033E3E0 /* Utils */,
				F8FC3E5A2A4CCA4E0033E3E0 /* Controllers */,
				F8FC3E462A4CC7F20033E3E0 /* AppDelegate.swift */,
				F8FC3E482A4CC7F20033E3E0 /* SceneDelegate.swift */,
				F8FC3E4F2A4CC7F30033E3E0 /* Assets.xcassets */,
				F8FC3E512A4CC7F30033E3E0 /* LaunchScreen.storyboard */,
				F8FC3E542A4CC7F30033E3E0 /* Info.plist */,
			);
			path = OceansFive;
			sourceTree = "<group>";
		};
		F8FC3E5A2A4CCA4E0033E3E0 /* Controllers */ = {
			isa = PBXGroup;
			children = (
				9562FD902A53035D005945A9 /* Sumula */,
				F8FC3E5B2A4CCA810033E3E0 /* Core */,
			);
			path = Controllers;
			sourceTree = "<group>";
		};
		F8FC3E5B2A4CCA810033E3E0 /* Core */ = {
			isa = PBXGroup;
			children = (
				F8FC3E4A2A4CC7F20033E3E0 /* MainTabbarViewController.swift */,
				F8FC3E5E2A4CCAFB0033E3E0 /* ExplorarViewController.swift */,
				F8FC3E602A4CCB440033E3E0 /* MeusCampeonatosViewController.swift */,
				F8FC3E622A4CCB740033E3E0 /* PerfilViewController.swift */,
			);
			path = Core;
			sourceTree = "<group>";
		};
		F8FC3E642A4CCE020033E3E0 /* Utils */ = {
			isa = PBXGroup;
			children = (
				F8FC3E652A4CCE4B0033E3E0 /* CustomColor.swift */,
			);
			path = Utils;
			sourceTree = "<group>";
		};
/* End PBXGroup section */

/* Begin PBXNativeTarget section */
		F8FC3E422A4CC7F20033E3E0 /* OceansFive */ = {
			isa = PBXNativeTarget;
			buildConfigurationList = F8FC3E572A4CC7F30033E3E0 /* Build configuration list for PBXNativeTarget "OceansFive" */;
			buildPhases = (
				F8FC3E3F2A4CC7F20033E3E0 /* Sources */,
				F8FC3E402A4CC7F20033E3E0 /* Frameworks */,
				F8FC3E412A4CC7F20033E3E0 /* Resources */,
			);
			buildRules = (
			);
			dependencies = (
			);
			name = OceansFive;
			productName = OceansFive;
			productReference = F8FC3E432A4CC7F20033E3E0 /* OceansFive.app */;
			productType = "com.apple.product-type.application";
		};
/* End PBXNativeTarget section */

/* Begin PBXProject section */
		F8FC3E3B2A4CC7F20033E3E0 /* Project object */ = {
			isa = PBXProject;
			attributes = {
				BuildIndependentTargetsInParallel = 1;
				LastSwiftUpdateCheck = 1420;
				LastUpgradeCheck = 1420;
				TargetAttributes = {
					F8FC3E422A4CC7F20033E3E0 = {
						CreatedOnToolsVersion = 14.2;
					};
				};
			};
			buildConfigurationList = F8FC3E3E2A4CC7F20033E3E0 /* Build configuration list for PBXProject "OceansFive" */;
			compatibilityVersion = "Xcode 14.0";
			developmentRegion = en;
			hasScannedForEncodings = 0;
			knownRegions = (
				en,
				Base,
			);
			mainGroup = F8FC3E3A2A4CC7F20033E3E0;
			productRefGroup = F8FC3E442A4CC7F20033E3E0 /* Products */;
			projectDirPath = "";
			projectRoot = "";
			targets = (
				F8FC3E422A4CC7F20033E3E0 /* OceansFive */,
			);
		};
/* End PBXProject section */

/* Begin PBXResourcesBuildPhase section */
		F8FC3E412A4CC7F20033E3E0 /* Resources */ = {
			isa = PBXResourcesBuildPhase;
			buildActionMask = 2147483647;
			files = (
				F8FC3E532A4CC7F30033E3E0 /* LaunchScreen.storyboard in Resources */,
				F8FC3E502A4CC7F30033E3E0 /* Assets.xcassets in Resources */,
			);
			runOnlyForDeploymentPostprocessing = 0;
		};
/* End PBXResourcesBuildPhase section */

/* Begin PBXSourcesBuildPhase section */
		F8FC3E3F2A4CC7F20033E3E0 /* Sources */ = {
			isa = PBXSourcesBuildPhase;
			buildActionMask = 2147483647;
			files = (
				9562FDA92A5312DE005945A9 /* SumulaTimeTableViewCell.swift in Sources */,
				9562FDA92A5312DE005945A9 /* SumulaTimeTableViewCell.swift in Sources */,
				0358C6312A5592BC0089B267 /* CampeonatoTableViewCell.swift in Sources */,
				F8FC3E632A4CCB740033E3E0 /* PerfilViewController.swift in Sources */,
				9562FD992A5306FF005945A9 /* Jogador.swift in Sources */,
				9562FD9B2A53074D005945A9 /* Time.swift in Sources */,
				0358C6332A56DED70089B267 /* Sumula.swift in Sources */,
				F8FC3E662A4CCE4B0033E3E0 /* CustomColor.swift in Sources */,
				F8FC3E4B2A4CC7F20033E3E0 /* MainTabbarViewController.swift in Sources */,
				F8FC3E612A4CCB440033E3E0 /* MeusCampeonatosViewController.swift in Sources */,
				9562FDF62A559701005945A9 /* SumulaPontosView.swift in Sources */,
				0358C6352A56EE230089B267 /* TimeJogando.swift in Sources */,
				0358C6372A56EE450089B267 /* Pontos.swift in Sources */,
				F8FC3E472A4CC7F20033E3E0 /* AppDelegate.swift in Sources */,
				958511472A57101E004B4787 /* Faltas.swift in Sources */,
				9562FD9D2A5307A1005945A9 /* Campenato.swift in Sources */,
				F8FC3E492A4CC7F20033E3E0 /* SceneDelegate.swift in Sources */,
				F8FC3E5F2A4CCAFB0033E3E0 /* ExplorarViewController.swift in Sources */,
				9562FD922A530378005945A9 /* SumulaViewController.swift in Sources */,
				9562FDA32A530879005945A9 /* TimeAeB.swift in Sources */,
				95BE05D62A56F6AB00216B04 /* ViewController.swift in Sources */,
				9562FDA72A531156005945A9 /* SumulaTimeTableView.swift in Sources */,
			);
			runOnlyForDeploymentPostprocessing = 0;
		};
/* End PBXSourcesBuildPhase section */

/* Begin PBXVariantGroup section */
		F8FC3E512A4CC7F30033E3E0 /* LaunchScreen.storyboard */ = {
			isa = PBXVariantGroup;
			children = (
				F8FC3E522A4CC7F30033E3E0 /* Base */,
			);
			name = LaunchScreen.storyboard;
			sourceTree = "<group>";
		};
/* End PBXVariantGroup section */

/* Begin XCBuildConfiguration section */
		F8FC3E552A4CC7F30033E3E0 /* Debug */ = {
			isa = XCBuildConfiguration;
			buildSettings = {
				ALWAYS_SEARCH_USER_PATHS = NO;
				CLANG_ANALYZER_NONNULL = YES;
				CLANG_ANALYZER_NUMBER_OBJECT_CONVERSION = YES_AGGRESSIVE;
				CLANG_CXX_LANGUAGE_STANDARD = "gnu++20";
				CLANG_ENABLE_MODULES = YES;
				CLANG_ENABLE_OBJC_ARC = YES;
				CLANG_ENABLE_OBJC_WEAK = YES;
				CLANG_WARN_BLOCK_CAPTURE_AUTORELEASING = YES;
				CLANG_WARN_BOOL_CONVERSION = YES;
				CLANG_WARN_COMMA = YES;
				CLANG_WARN_CONSTANT_CONVERSION = YES;
				CLANG_WARN_DEPRECATED_OBJC_IMPLEMENTATIONS = YES;
				CLANG_WARN_DIRECT_OBJC_ISA_USAGE = YES_ERROR;
				CLANG_WARN_DOCUMENTATION_COMMENTS = YES;
				CLANG_WARN_EMPTY_BODY = YES;
				CLANG_WARN_ENUM_CONVERSION = YES;
				CLANG_WARN_INFINITE_RECURSION = YES;
				CLANG_WARN_INT_CONVERSION = YES;
				CLANG_WARN_NON_LITERAL_NULL_CONVERSION = YES;
				CLANG_WARN_OBJC_IMPLICIT_RETAIN_SELF = YES;
				CLANG_WARN_OBJC_LITERAL_CONVERSION = YES;
				CLANG_WARN_OBJC_ROOT_CLASS = YES_ERROR;
				CLANG_WARN_QUOTED_INCLUDE_IN_FRAMEWORK_HEADER = YES;
				CLANG_WARN_RANGE_LOOP_ANALYSIS = YES;
				CLANG_WARN_STRICT_PROTOTYPES = YES;
				CLANG_WARN_SUSPICIOUS_MOVE = YES;
				CLANG_WARN_UNGUARDED_AVAILABILITY = YES_AGGRESSIVE;
				CLANG_WARN_UNREACHABLE_CODE = YES;
				CLANG_WARN__DUPLICATE_METHOD_MATCH = YES;
				COPY_PHASE_STRIP = NO;
				DEBUG_INFORMATION_FORMAT = dwarf;
				ENABLE_STRICT_OBJC_MSGSEND = YES;
				ENABLE_TESTABILITY = YES;
				GCC_C_LANGUAGE_STANDARD = gnu11;
				GCC_DYNAMIC_NO_PIC = NO;
				GCC_NO_COMMON_BLOCKS = YES;
				GCC_OPTIMIZATION_LEVEL = 0;
				GCC_PREPROCESSOR_DEFINITIONS = (
					"DEBUG=1",
					"$(inherited)",
				);
				GCC_WARN_64_TO_32_BIT_CONVERSION = YES;
				GCC_WARN_ABOUT_RETURN_TYPE = YES_ERROR;
				GCC_WARN_UNDECLARED_SELECTOR = YES;
				GCC_WARN_UNINITIALIZED_AUTOS = YES_AGGRESSIVE;
				GCC_WARN_UNUSED_FUNCTION = YES;
				GCC_WARN_UNUSED_VARIABLE = YES;
				IPHONEOS_DEPLOYMENT_TARGET = 16.2;
				MTL_ENABLE_DEBUG_INFO = INCLUDE_SOURCE;
				MTL_FAST_MATH = YES;
				ONLY_ACTIVE_ARCH = YES;
				SDKROOT = iphoneos;
				SWIFT_ACTIVE_COMPILATION_CONDITIONS = DEBUG;
				SWIFT_OPTIMIZATION_LEVEL = "-Onone";
			};
			name = Debug;
		};
		F8FC3E562A4CC7F30033E3E0 /* Release */ = {
			isa = XCBuildConfiguration;
			buildSettings = {
				ALWAYS_SEARCH_USER_PATHS = NO;
				CLANG_ANALYZER_NONNULL = YES;
				CLANG_ANALYZER_NUMBER_OBJECT_CONVERSION = YES_AGGRESSIVE;
				CLANG_CXX_LANGUAGE_STANDARD = "gnu++20";
				CLANG_ENABLE_MODULES = YES;
				CLANG_ENABLE_OBJC_ARC = YES;
				CLANG_ENABLE_OBJC_WEAK = YES;
				CLANG_WARN_BLOCK_CAPTURE_AUTORELEASING = YES;
				CLANG_WARN_BOOL_CONVERSION = YES;
				CLANG_WARN_COMMA = YES;
				CLANG_WARN_CONSTANT_CONVERSION = YES;
				CLANG_WARN_DEPRECATED_OBJC_IMPLEMENTATIONS = YES;
				CLANG_WARN_DIRECT_OBJC_ISA_USAGE = YES_ERROR;
				CLANG_WARN_DOCUMENTATION_COMMENTS = YES;
				CLANG_WARN_EMPTY_BODY = YES;
				CLANG_WARN_ENUM_CONVERSION = YES;
				CLANG_WARN_INFINITE_RECURSION = YES;
				CLANG_WARN_INT_CONVERSION = YES;
				CLANG_WARN_NON_LITERAL_NULL_CONVERSION = YES;
				CLANG_WARN_OBJC_IMPLICIT_RETAIN_SELF = YES;
				CLANG_WARN_OBJC_LITERAL_CONVERSION = YES;
				CLANG_WARN_OBJC_ROOT_CLASS = YES_ERROR;
				CLANG_WARN_QUOTED_INCLUDE_IN_FRAMEWORK_HEADER = YES;
				CLANG_WARN_RANGE_LOOP_ANALYSIS = YES;
				CLANG_WARN_STRICT_PROTOTYPES = YES;
				CLANG_WARN_SUSPICIOUS_MOVE = YES;
				CLANG_WARN_UNGUARDED_AVAILABILITY = YES_AGGRESSIVE;
				CLANG_WARN_UNREACHABLE_CODE = YES;
				CLANG_WARN__DUPLICATE_METHOD_MATCH = YES;
				COPY_PHASE_STRIP = NO;
				DEBUG_INFORMATION_FORMAT = "dwarf-with-dsym";
				ENABLE_NS_ASSERTIONS = NO;
				ENABLE_STRICT_OBJC_MSGSEND = YES;
				GCC_C_LANGUAGE_STANDARD = gnu11;
				GCC_NO_COMMON_BLOCKS = YES;
				GCC_WARN_64_TO_32_BIT_CONVERSION = YES;
				GCC_WARN_ABOUT_RETURN_TYPE = YES_ERROR;
				GCC_WARN_UNDECLARED_SELECTOR = YES;
				GCC_WARN_UNINITIALIZED_AUTOS = YES_AGGRESSIVE;
				GCC_WARN_UNUSED_FUNCTION = YES;
				GCC_WARN_UNUSED_VARIABLE = YES;
				IPHONEOS_DEPLOYMENT_TARGET = 16.2;
				MTL_ENABLE_DEBUG_INFO = NO;
				MTL_FAST_MATH = YES;
				SDKROOT = iphoneos;
				SWIFT_COMPILATION_MODE = wholemodule;
				SWIFT_OPTIMIZATION_LEVEL = "-O";
				VALIDATE_PRODUCT = YES;
			};
			name = Release;
		};
		F8FC3E582A4CC7F30033E3E0 /* Debug */ = {
			isa = XCBuildConfiguration;
			buildSettings = {
				ASSETCATALOG_COMPILER_APPICON_NAME = AppIcon;
				ASSETCATALOG_COMPILER_GLOBAL_ACCENT_COLOR_NAME = AccentColor;
				CODE_SIGN_STYLE = Automatic;
				CURRENT_PROJECT_VERSION = 1;
				DEVELOPMENT_TEAM = U82ZBCXKJ2;
				GENERATE_INFOPLIST_FILE = YES;
				INFOPLIST_FILE = OceansFive/Info.plist;
				INFOPLIST_KEY_UIApplicationSupportsIndirectInputEvents = YES;
				INFOPLIST_KEY_UILaunchStoryboardName = LaunchScreen;
				INFOPLIST_KEY_UISupportedInterfaceOrientations_iPad = "UIInterfaceOrientationPortrait UIInterfaceOrientationPortraitUpsideDown UIInterfaceOrientationLandscapeLeft UIInterfaceOrientationLandscapeRight";
				INFOPLIST_KEY_UISupportedInterfaceOrientations_iPhone = "UIInterfaceOrientationPortrait UIInterfaceOrientationLandscapeLeft UIInterfaceOrientationLandscapeRight";
				LD_RUNPATH_SEARCH_PATHS = (
					"$(inherited)",
					"@executable_path/Frameworks",
				);
				MARKETING_VERSION = 1.0;
				PRODUCT_BUNDLE_IDENTIFIER = com.caiomelloni.OceansFive;
				PRODUCT_NAME = "$(TARGET_NAME)";
				SWIFT_EMIT_LOC_STRINGS = YES;
				SWIFT_VERSION = 5.0;
				TARGETED_DEVICE_FAMILY = "1,2";
			};
			name = Debug;
		};
		F8FC3E592A4CC7F30033E3E0 /* Release */ = {
			isa = XCBuildConfiguration;
			buildSettings = {
				ASSETCATALOG_COMPILER_APPICON_NAME = AppIcon;
				ASSETCATALOG_COMPILER_GLOBAL_ACCENT_COLOR_NAME = AccentColor;
				CODE_SIGN_STYLE = Automatic;
				CURRENT_PROJECT_VERSION = 1;
				DEVELOPMENT_TEAM = U82ZBCXKJ2;
				GENERATE_INFOPLIST_FILE = YES;
				INFOPLIST_FILE = OceansFive/Info.plist;
				INFOPLIST_KEY_UIApplicationSupportsIndirectInputEvents = YES;
				INFOPLIST_KEY_UILaunchStoryboardName = LaunchScreen;
				INFOPLIST_KEY_UISupportedInterfaceOrientations_iPad = "UIInterfaceOrientationPortrait UIInterfaceOrientationPortraitUpsideDown UIInterfaceOrientationLandscapeLeft UIInterfaceOrientationLandscapeRight";
				INFOPLIST_KEY_UISupportedInterfaceOrientations_iPhone = "UIInterfaceOrientationPortrait UIInterfaceOrientationLandscapeLeft UIInterfaceOrientationLandscapeRight";
				LD_RUNPATH_SEARCH_PATHS = (
					"$(inherited)",
					"@executable_path/Frameworks",
				);
				MARKETING_VERSION = 1.0;
				PRODUCT_BUNDLE_IDENTIFIER = com.caiomelloni.OceansFive;
				PRODUCT_NAME = "$(TARGET_NAME)";
				SWIFT_EMIT_LOC_STRINGS = YES;
				SWIFT_VERSION = 5.0;
				TARGETED_DEVICE_FAMILY = "1,2";
			};
			name = Release;
		};
/* End XCBuildConfiguration section */

/* Begin XCConfigurationList section */
		F8FC3E3E2A4CC7F20033E3E0 /* Build configuration list for PBXProject "OceansFive" */ = {
			isa = XCConfigurationList;
			buildConfigurations = (
				F8FC3E552A4CC7F30033E3E0 /* Debug */,
				F8FC3E562A4CC7F30033E3E0 /* Release */,
			);
			defaultConfigurationIsVisible = 0;
			defaultConfigurationName = Release;
		};
		F8FC3E572A4CC7F30033E3E0 /* Build configuration list for PBXNativeTarget "OceansFive" */ = {
			isa = XCConfigurationList;
			buildConfigurations = (
				F8FC3E582A4CC7F30033E3E0 /* Debug */,
				F8FC3E592A4CC7F30033E3E0 /* Release */,
			);
			defaultConfigurationIsVisible = 0;
			defaultConfigurationName = Release;
		};
/* End XCConfigurationList section */
	};
	rootObject = F8FC3E3B2A4CC7F20033E3E0 /* Project object */;
}
